<Solution>
  <Folder Name="/samples/">
    <Project Path="samples/CSharpStyleChecker.Demo/CSharpStyleChecker.Demo.csproj" />
  </Folder>

  <Folder Name="/src/">
    <Project Path="src/ExitPointGaps/ExitPointGaps.csproj" />
    <Project Path="src/ExitPointGaps.Tests/ExitPointGaps.Tests.csproj" />
    <Project Path="src/CSharpStyleChecker.Tests/CSharpStyleChecker.Tests.csproj" />
    <Project Path="src/CSharpStyleChecker/CSharpStyleChecker.csproj" />
    <Project Path="src/ExitPoints.Tests/ExitPoints.Tests.csproj" />
    <Project Path="src/ExitPoints/ExitPoints.csproj" />
  </Folder>
</Solution>
